[[package]]
name = "atomicwrites"
version = "1.4.0"
description = "Atomic file writes."
category = "dev"
optional = false
python-versions = ">=2.7, !=3.0.*, !=3.1.*, !=3.2.*, !=3.3.*"

[[package]]
name = "attrs"
version = "20.3.0"
description = "Classes Without Boilerplate"
category = "dev"
optional = false
python-versions = ">=2.7, !=3.0.*, !=3.1.*, !=3.2.*, !=3.3.*"

[package.extras]
dev = ["coverage[toml] (>=5.0.2)", "hypothesis", "pympler", "pytest (>=4.3.0)", "six", "zope.interface", "furo", "sphinx", "pre-commit"]
docs = ["furo", "sphinx", "zope.interface"]
tests = ["coverage[toml] (>=5.0.2)", "hypothesis", "pympler", "pytest (>=4.3.0)", "six", "zope.interface"]
tests_no_zope = ["coverage[toml] (>=5.0.2)", "hypothesis", "pympler", "pytest (>=4.3.0)", "six"]

[[package]]
name = "colorama"
version = "0.4.4"
description = "Cross-platform colored terminal text."
category = "dev"
optional = false
python-versions = ">=2.7, !=3.0.*, !=3.1.*, !=3.2.*, !=3.3.*, !=3.4.*"

[[package]]
name = "iniconfig"
version = "1.1.1"
description = "iniconfig: brain-dead simple config-ini parsing"
category = "dev"
optional = false
python-versions = "*"

[[package]]
name = "mecab-python3"
version = "1.0.3"
description = "Python wrapper for the MeCab morphological analyzer for Japanese"
category = "main"
optional = false
python-versions = "*"

[package.extras]
unidic = ["unidic"]
unidic-lite = ["unidic-lite"]

[[package]]
name = "packaging"
version = "20.9"
description = "Core utilities for Python packages"
category = "dev"
optional = false
python-versions = ">=2.7, !=3.0.*, !=3.1.*, !=3.2.*, !=3.3.*"

[package.dependencies]
pyparsing = ">=2.0.2"

[[package]]
name = "pluggy"
version = "0.13.1"
description = "plugin and hook calling mechanisms for python"
category = "dev"
optional = false
python-versions = ">=2.7, !=3.0.*, !=3.1.*, !=3.2.*, !=3.3.*"

[package.extras]
dev = ["pre-commit", "tox"]

[[package]]
name = "py"
version = "1.10.0"
description = "library with cross-python path, ini-parsing, io, code, log facilities"
category = "dev"
optional = false
python-versions = ">=2.7, !=3.0.*, !=3.1.*, !=3.2.*, !=3.3.*"

[[package]]
name = "pyparsing"
version = "2.4.7"
description = "Python parsing module"
category = "dev"
optional = false
python-versions = ">=2.6, !=3.0.*, !=3.1.*, !=3.2.*"

[[package]]
name = "pytest"
version = "6.2.3"
description = "pytest: simple powerful testing with Python"
category = "dev"
optional = false
python-versions = ">=3.6"

[package.dependencies]
atomicwrites = {version = ">=1.0", markers = "sys_platform == \"win32\""}
attrs = ">=19.2.0"
colorama = {version = "*", markers = "sys_platform == \"win32\""}
iniconfig = "*"
packaging = "*"
pluggy = ">=0.12,<1.0.0a1"
py = ">=1.8.2"
toml = "*"

[package.extras]
testing = ["argcomplete", "hypothesis (>=3.56)", "mock", "nose", "requests", "xmlschema"]

[[package]]
name = "simstring-pure"
version = "1.0.0"
description = "A Python implementation of the SimString, a simple and efficient algorithm for approximate string matching."
category = "main"
optional = false
python-versions = "*"

[[package]]
name = "toml"
version = "0.10.2"
description = "Python Library for Tom's Obvious, Minimal Language"
category = "dev"
optional = false
python-versions = ">=2.6, !=3.0.*, !=3.1.*, !=3.2.*"

[metadata]
lock-version = "1.1"
python-versions = "^3.9"
content-hash = "91a019763071422c54c2e5b7aa3b0b208ee92c5d8e328a8fd1ce3720cae556fa"

[metadata.files]
atomicwrites = [
    {file = "atomicwrites-1.4.0-py2.py3-none-any.whl", hash = "sha256:6d1784dea7c0c8d4a5172b6c620f40b6e4cbfdf96d783691f2e1302a7b88e197"},
    {file = "atomicwrites-1.4.0.tar.gz", hash = "sha256:ae70396ad1a434f9c7046fd2dd196fc04b12f9e91ffb859164193be8b6168a7a"},
]
attrs = [
    {file = "attrs-20.3.0-py2.py3-none-any.whl", hash = "sha256:31b2eced602aa8423c2aea9c76a724617ed67cf9513173fd3a4f03e3a929c7e6"},
    {file = "attrs-20.3.0.tar.gz", hash = "sha256:832aa3cde19744e49938b91fea06d69ecb9e649c93ba974535d08ad92164f700"},
]
colorama = [
    {file = "colorama-0.4.4-py2.py3-none-any.whl", hash = "sha256:9f47eda37229f68eee03b24b9748937c7dc3868f906e8ba69fbcbdd3bc5dc3e2"},
    {file = "colorama-0.4.4.tar.gz", hash = "sha256:5941b2b48a20143d2267e95b1c2a7603ce057ee39fd88e7329b0c292aa16869b"},
]
iniconfig = [
    {file = "iniconfig-1.1.1-py2.py3-none-any.whl", hash = "sha256:011e24c64b7f47f6ebd835bb12a743f2fbe9a26d4cecaa7f53bc4f35ee9da8b3"},
    {file = "iniconfig-1.1.1.tar.gz", hash = "sha256:bc3af051d7d14b2ee5ef9969666def0cd1a000e121eaea580d4a313df4b37f32"},
]
mecab-python3 = [
    {file = "mecab-python3-1.0.3.tar.gz", hash = "sha256:62abe28a1155398325372291483608427bc82681fef80e7d132904415f9fd42e"},
    {file = "mecab_python3-1.0.3-cp35-cp35m-macosx_10_14_x86_64.whl", hash = "sha256:02792fe78a8ff678e5ead2cfb8ba242d44793c43e2ec469e9b6f8a9ef32dd52f"},
    {file = "mecab_python3-1.0.3-cp35-cp35m-manylinux1_x86_64.whl", hash = "sha256:aef526312eb990d0843685b705604424573263d21374c29f381b04a75a42b91b"},
    {file = "mecab_python3-1.0.3-cp35-cp35m-win_amd64.whl", hash = "sha256:d0c2bc63e2684fa2be8bb39ad0c80e852c2819b450a4f573c5f6dc7d8892ba43"},
    {file = "mecab_python3-1.0.3-cp36-cp36m-macosx_10_14_x86_64.whl", hash = "sha256:fd079d7dba4c7d48491e2db5b4aaeb98ca5a21d9b4713857ac6eed8e761286ed"},
    {file = "mecab_python3-1.0.3-cp36-cp36m-manylinux1_x86_64.whl", hash = "sha256:99dae91a1bc574f746fecf68f2aaefde068ce4e67828f89e45e6d69375de20f8"},
    {file = "mecab_python3-1.0.3-cp36-cp36m-win_amd64.whl", hash = "sha256:3bfd9ddba93f81308eb82c8199faf210882d5202000f8f6b88e35b840094e6cb"},
    {file = "mecab_python3-1.0.3-cp37-cp37m-macosx_10_14_x86_64.whl", hash = "sha256:4d9bde34482ce1aa57c0309ce77c0c35e1d058cd5b779e8ea4e0cd223f3e846d"},
    {file = "mecab_python3-1.0.3-cp37-cp37m-manylinux1_x86_64.whl", hash = "sha256:5c8f923a9c4496658dc44b46e012bad9f95ed6f8486ad8b9417d2835649a1265"},
    {file = "mecab_python3-1.0.3-cp37-cp37m-win_amd64.whl", hash = "sha256:3dad694911a1f6da77cc4be4317e3febfeb44d34674a2365f4d507fad58bd0c5"},
    {file = "mecab_python3-1.0.3-cp38-cp38-macosx_10_14_x86_64.whl", hash = "sha256:204aa45f342e7c32a346266ee149a1ce29d51e2c2458841ffc67b4589e96ec6b"},
    {file = "mecab_python3-1.0.3-cp38-cp38-manylinux1_x86_64.whl", hash = "sha256:7202de44c7a077b35fd0e820746415954fe2d61735df9797455023d4c0eb1bc0"},
    {file = "mecab_python3-1.0.3-cp38-cp38-win_amd64.whl", hash = "sha256:4927baddd924079e89bf3d366dfd3fcc47c84e05f9a50a3832d43334250b1253"},
    {file = "mecab_python3-1.0.3-cp39-cp39-macosx_10_14_x86_64.whl", hash = "sha256:cba161eefe02d370cebb20f6a9aaea76c9d93d9372d993014f83865f26e0994a"},
    {file = "mecab_python3-1.0.3-cp39-cp39-manylinux1_x86_64.whl", hash = "sha256:900de8f3c0736875d1bd64e1f1c381bc697afde477bb501c93198b5e0efbe934"},
    {file = "mecab_python3-1.0.3-cp39-cp39-win_amd64.whl", hash = "sha256:ecfa3ce98aef5c79f2e0721d329493588a2cdc1e21cc0147c912b291d6b047b6"},
]
packaging = [
    {file = "packaging-20.9-py2.py3-none-any.whl", hash = "sha256:67714da7f7bc052e064859c05c595155bd1ee9f69f76557e21f051443c20947a"},
    {file = "packaging-20.9.tar.gz", hash = "sha256:5b327ac1320dc863dca72f4514ecc086f31186744b84a230374cc1fd776feae5"},
]
pluggy = [
    {file = "pluggy-0.13.1-py2.py3-none-any.whl", hash = "sha256:966c145cd83c96502c3c3868f50408687b38434af77734af1e9ca461a4081d2d"},
    {file = "pluggy-0.13.1.tar.gz", hash = "sha256:15b2acde666561e1298d71b523007ed7364de07029219b604cf808bfa1c765b0"},
]
py = [
    {file = "py-1.10.0-py2.py3-none-any.whl", hash = "sha256:3b80836aa6d1feeaa108e046da6423ab8f6ceda6468545ae8d02d9d58d18818a"},
    {file = "py-1.10.0.tar.gz", hash = "sha256:21b81bda15b66ef5e1a777a21c4dcd9c20ad3efd0b3f817e7a809035269e1bd3"},
]
pyparsing = [
    {file = "pyparsing-2.4.7-py2.py3-none-any.whl", hash = "sha256:ef9d7589ef3c200abe66653d3f1ab1033c3c419ae9b9bdb1240a85b024efc88b"},
    {file = "pyparsing-2.4.7.tar.gz", hash = "sha256:c203ec8783bf771a155b207279b9bccb8dea02d8f0c9e5f8ead507bc3246ecc1"},
]
pytest = [
    {file = "pytest-6.2.3-py3-none-any.whl", hash = "sha256:6ad9c7bdf517a808242b998ac20063c41532a570d088d77eec1ee12b0b5574bc"},
    {file = "pytest-6.2.3.tar.gz", hash = "sha256:671238a46e4df0f3498d1c3270e5deb9b32d25134c99b7d75370a68cfbe9b634"},
]
simstring-pure = [
    {file = "simstring-pure-1.0.0.tar.gz", hash = "sha256:0363f917cfcaa5950e16cb0042916ae3eaf398e530979b57f9031eaf93c32f26"},
    {file = "simstring_pure-1.0.0-py3-none-any.whl", hash = "sha256:ed3dd117159e2e64d2d01813cd8078ea73dff339764b32401bab2ae95d558039"},
]
toml = [
    {file = "toml-0.10.2-py2.py3-none-any.whl", hash = "sha256:806143ae5bfb6a3c6e736a764057db0e6a0e05e338b5630894a5f779cabb4f9b"},
    {file = "toml-0.10.2.tar.gz", hash = "sha256:b3bda1d108d5dd99f4a20d24d9c348e91c4db7ab1b749200bded2f839ccbe68f"},
]
